{
  "lockfileVersion": 1,
  "configVersion": 1,
  "workspaces": {
    "": {
      "name": "stella-backend",
      "dependencies": {
        "@ai-sdk/anthropic": "^3.0.58",
        "@ai-sdk/google": "^3.0.43",
        "@ai-sdk/openai": "^3.0.41",
        "@convex-dev/better-auth": "^0.10.0",
        "@convex-dev/rate-limiter": "^0.3.2",
        "@convex-dev/resend": "^0.1.0",
        "ai": "^6.0.116",
        "better-auth": "1.4.9",
        "convex": "^1.33.1",
        "stripe": "^20.4.1",
        "zod": "^3.25.76",
      },
      "devDependencies": {
        "@types/node": "^24.0.0",
        "typescript": "^5.9.3",
      },
    },
  },
  "packages": {
    "@ai-sdk/anthropic": ["@ai-sdk/anthropic@3.0.58", "", { "dependencies": { "@ai-sdk/provider": "3.0.8", "@ai-sdk/provider-utils": "4.0.19" }, "peerDependencies": { "zod": "^3.25.76 || ^4.1.8" } }, "sha512-/53SACgmVukO4bkms4dpxpRlYhW8Ct6QZRe6sj1Pi5H00hYhxIrqfiLbZBGxkdRvjsBQeP/4TVGsXgH5rQeb8Q=="],

    "@ai-sdk/gateway": ["@ai-sdk/gateway@3.0.66", "", { "dependencies": { "@ai-sdk/provider": "3.0.8", "@ai-sdk/provider-utils": "4.0.19", "@vercel/oidc": "3.1.0" }, "peerDependencies": { "zod": "^3.25.76 || ^4.1.8" } }, "sha512-SIQ0YY0iMuv+07HLsZ+bB990zUJ6S4ujORAh+Jv1V2KGNn73qQKnGO0JBk+w+Res8YqOFSycwDoWcFlQrVxS4A=="],

    "@ai-sdk/google": ["@ai-sdk/google@3.0.43", "", { "dependencies": { "@ai-sdk/provider": "3.0.8", "@ai-sdk/provider-utils": "4.0.19" }, "peerDependencies": { "zod": "^3.25.76 || ^4.1.8" } }, "sha512-NGCgP5g8HBxrNdxvF8Dhww+UKfqAkZAmyYBvbu9YLoBkzAmGKDBGhVptN/oXPB5Vm0jggMdoLycZ8JReQM8Zqg=="],

    "@ai-sdk/openai": ["@ai-sdk/openai@3.0.41", "", { "dependencies": { "@ai-sdk/provider": "3.0.8", "@ai-sdk/provider-utils": "4.0.19" }, "peerDependencies": { "zod": "^3.25.76 || ^4.1.8" } }, "sha512-IZ42A+FO+vuEQCVNqlnAPYQnnUpUfdJIwn1BEDOBywiEHa23fw7PahxVtlX9zm3/zMvTW4JKPzWyvAgDu+SQ2A=="],

    "@ai-sdk/provider": ["@ai-sdk/provider@3.0.8", "", { "dependencies": { "json-schema": "^0.4.0" } }, "sha512-oGMAgGoQdBXbZqNG0Ze56CHjDZ1IDYOwGYxYjO5KLSlz5HiNQ9udIXsPZ61VWaHGZ5XW/jyjmr6t2xz2jGVwbQ=="],

    "@ai-sdk/provider-utils": ["@ai-sdk/provider-utils@4.0.19", "", { "dependencies": { "@ai-sdk/provider": "3.0.8", "@standard-schema/spec": "^1.1.0", "eventsource-parser": "^3.0.6" }, "peerDependencies": { "zod": "^3.25.76 || ^4.1.8" } }, "sha512-3eG55CrSWCu2SXlqq2QCsFjo3+E7+Gmg7i/oRVoSZzIodTuDSfLb3MRje67xE9RFea73Zao7Lm4mADIfUETKGg=="],

    "@better-auth/core": ["@better-auth/core@1.4.9", "", { "dependencies": { "@standard-schema/spec": "^1.0.0", "zod": "^4.1.12" }, "peerDependencies": { "@better-auth/utils": "0.3.0", "@better-fetch/fetch": "1.1.21", "better-call": "1.1.7", "jose": "^6.1.0", "kysely": "^0.28.5", "nanostores": "^1.0.1" } }, "sha512-JT2q4NDkQzN22KclUEoZ7qU6tl9HUTfK1ctg2oWlT87SEagkwJcnrUwS9VznL+u9ziOIfY27P0f7/jSnmvLcoQ=="],

    "@better-auth/passkey": ["@better-auth/passkey@1.4.9", "", { "dependencies": { "@simplewebauthn/browser": "^13.1.2", "@simplewebauthn/server": "^13.1.2", "zod": "^4.1.12" }, "peerDependencies": { "@better-auth/core": "1.4.9", "@better-auth/utils": "0.3.0", "@better-fetch/fetch": "1.1.21", "better-auth": "1.4.9", "better-call": "1.1.7", "nanostores": "^1.0.1" } }, "sha512-fPsV0LYbmPytxrTaltM2RXbJnmSttX9UWr4wkZtJYgCBGeFqN8+8ZzBTZXOymWDJTVQ0kVZrD7c7/HyxXEG1zA=="],

    "@better-auth/telemetry": ["@better-auth/telemetry@1.4.9", "", { "dependencies": { "@better-auth/utils": "0.3.0", "@better-fetch/fetch": "1.1.21" }, "peerDependencies": { "@better-auth/core": "1.4.9" } }, "sha512-Tthy1/Gmx+pYlbvRQPBTKfVei8+pJwvH1NZp+5SbhwA6K2EXIaoonx/K6N/AXYs2aKUpyR4/gzqDesDjL7zd6A=="],

    "@better-auth/utils": ["@better-auth/utils@0.3.0", "", {}, "sha512-W+Adw6ZA6mgvnSnhOki270rwJ42t4XzSK6YWGF//BbVXL6SwCLWfyzBc1lN2m/4RM28KubdBKQ4X5VMoLRNPQw=="],

    "@better-fetch/fetch": ["@better-fetch/fetch@1.1.21", "", {}, "sha512-/ImESw0sskqlVR94jB+5+Pxjf+xBwDZF/N5+y2/q4EqD7IARUTSpPfIo8uf39SYpCxyOCtbyYpUrZ3F/k0zT4A=="],

    "@convex-dev/better-auth": ["@convex-dev/better-auth@0.10.10", "", { "dependencies": { "@better-auth/passkey": "1.4.9", "@better-fetch/fetch": "^1.1.18", "common-tags": "^1.8.2", "convex-helpers": "^0.1.95", "jose": "^6.1.0", "remeda": "^2.32.0", "semver": "^7.7.3", "type-fest": "^4.39.1", "zod": "^4.0.0" }, "peerDependencies": { "better-auth": "1.4.9", "convex": "^1.25.0", "react": "^18.3.1 || ^19.0.0", "react-dom": "^18.3.1 || ^19.0.0" } }, "sha512-BpwQ2kph43O7hmtGQAJ+ie3KrjONp83659QDjKDdH+X8yIdGevgehaqS5GHB0iJo7zQTtvs687GnAeLZ4Xx3/w=="],

    "@convex-dev/rate-limiter": ["@convex-dev/rate-limiter@0.3.2", "", { "peerDependencies": { "convex": "^1.24.8", "react": "^18.2.0 || ^19.0.0" }, "optionalPeers": ["react"] }, "sha512-+oBPsBfFbzdxiF/9XaaTQmVnvDlvEfg/c69/v8LxTbw4VLuiflIKlfnPQL8OS0azXQQ11hcPWHmU8ytFmHKDXA=="],

    "@convex-dev/resend": ["@convex-dev/resend@0.1.13", "", { "dependencies": { "@convex-dev/rate-limiter": "^0.2.10", "@convex-dev/workpool": "^0.2.17", "remeda": "^2.26.0", "svix": "^1.70.0" }, "peerDependencies": { "convex": "^1.23.0", "convex-helpers": "^0.1.99" } }, "sha512-caVvN3o1XgLti7ieo2fAlfgR7oK+WEVag/FS3P5tf5l4+u7ewxd414u+PftxbsUMb3liY4fdsH0QNgbTr8o9DA=="],

    "@convex-dev/workpool": ["@convex-dev/workpool@0.2.19", "", { "peerDependencies": { "convex": ">=1.25.0 <1.35.0", "convex-helpers": "^0.1.94" } }, "sha512-U2KwYnsKILyxW1baWEhDv+ZtnL5FZbYFxBT5owQ0Lw/kseiudMZraA4clH+/6gowHSahWpkq4wndhcOfpfhuOA=="],

    "@esbuild/aix-ppc64": ["@esbuild/aix-ppc64@0.27.0", "", { "os": "aix", "cpu": "ppc64" }, "sha512-KuZrd2hRjz01y5JK9mEBSD3Vj3mbCvemhT466rSuJYeE/hjuBrHfjjcjMdTm/sz7au+++sdbJZJmuBwQLuw68A=="],

    "@esbuild/android-arm": ["@esbuild/android-arm@0.27.0", "", { "os": "android", "cpu": "arm" }, "sha512-j67aezrPNYWJEOHUNLPj9maeJte7uSMM6gMoxfPC9hOg8N02JuQi/T7ewumf4tNvJadFkvLZMlAq73b9uwdMyQ=="],

    "@esbuild/android-arm64": ["@esbuild/android-arm64@0.27.0", "", { "os": "android", "cpu": "arm64" }, "sha512-CC3vt4+1xZrs97/PKDkl0yN7w8edvU2vZvAFGD16n9F0Cvniy5qvzRXjfO1l94efczkkQE6g1x0i73Qf5uthOQ=="],

    "@esbuild/android-x64": ["@esbuild/android-x64@0.27.0", "", { "os": "android", "cpu": "x64" }, "sha512-wurMkF1nmQajBO1+0CJmcN17U4BP6GqNSROP8t0X/Jiw2ltYGLHpEksp9MpoBqkrFR3kv2/te6Sha26k3+yZ9Q=="],

    "@esbuild/darwin-arm64": ["@esbuild/darwin-arm64@0.27.0", "", { "os": "darwin", "cpu": "arm64" }, "sha512-uJOQKYCcHhg07DL7i8MzjvS2LaP7W7Pn/7uA0B5S1EnqAirJtbyw4yC5jQ5qcFjHK9l6o/MX9QisBg12kNkdHg=="],

    "@esbuild/darwin-x64": ["@esbuild/darwin-x64@0.27.0", "", { "os": "darwin", "cpu": "x64" }, "sha512-8mG6arH3yB/4ZXiEnXof5MK72dE6zM9cDvUcPtxhUZsDjESl9JipZYW60C3JGreKCEP+p8P/72r69m4AZGJd5g=="],

    "@esbuild/freebsd-arm64": ["@esbuild/freebsd-arm64@0.27.0", "", { "os": "freebsd", "cpu": "arm64" }, "sha512-9FHtyO988CwNMMOE3YIeci+UV+x5Zy8fI2qHNpsEtSF83YPBmE8UWmfYAQg6Ux7Gsmd4FejZqnEUZCMGaNQHQw=="],

    "@esbuild/freebsd-x64": ["@esbuild/freebsd-x64@0.27.0", "", { "os": "freebsd", "cpu": "x64" }, "sha512-zCMeMXI4HS/tXvJz8vWGexpZj2YVtRAihHLk1imZj4efx1BQzN76YFeKqlDr3bUWI26wHwLWPd3rwh6pe4EV7g=="],

    "@esbuild/linux-arm": ["@esbuild/linux-arm@0.27.0", "", { "os": "linux", "cpu": "arm" }, "sha512-t76XLQDpxgmq2cNXKTVEB7O7YMb42atj2Re2Haf45HkaUpjM2J0UuJZDuaGbPbamzZ7bawyGFUkodL+zcE+jvQ=="],

    "@esbuild/linux-arm64": ["@esbuild/linux-arm64@0.27.0", "", { "os": "linux", "cpu": "arm64" }, "sha512-AS18v0V+vZiLJyi/4LphvBE+OIX682Pu7ZYNsdUHyUKSoRwdnOsMf6FDekwoAFKej14WAkOef3zAORJgAtXnlQ=="],

    "@esbuild/linux-ia32": ["@esbuild/linux-ia32@0.27.0", "", { "os": "linux", "cpu": "ia32" }, "sha512-Mz1jxqm/kfgKkc/KLHC5qIujMvnnarD9ra1cEcrs7qshTUSksPihGrWHVG5+osAIQ68577Zpww7SGapmzSt4Nw=="],

    "@esbuild/linux-loong64": ["@esbuild/linux-loong64@0.27.0", "", { "os": "linux", "cpu": "none" }, "sha512-QbEREjdJeIreIAbdG2hLU1yXm1uu+LTdzoq1KCo4G4pFOLlvIspBm36QrQOar9LFduavoWX2msNFAAAY9j4BDg=="],

    "@esbuild/linux-mips64el": ["@esbuild/linux-mips64el@0.27.0", "", { "os": "linux", "cpu": "none" }, "sha512-sJz3zRNe4tO2wxvDpH/HYJilb6+2YJxo/ZNbVdtFiKDufzWq4JmKAiHy9iGoLjAV7r/W32VgaHGkk35cUXlNOg=="],

    "@esbuild/linux-ppc64": ["@esbuild/linux-ppc64@0.27.0", "", { "os": "linux", "cpu": "ppc64" }, "sha512-z9N10FBD0DCS2dmSABDBb5TLAyF1/ydVb+N4pi88T45efQ/w4ohr/F/QYCkxDPnkhkp6AIpIcQKQ8F0ANoA2JA=="],

    "@esbuild/linux-riscv64": ["@esbuild/linux-riscv64@0.27.0", "", { "os": "linux", "cpu": "none" }, "sha512-pQdyAIZ0BWIC5GyvVFn5awDiO14TkT/19FTmFcPdDec94KJ1uZcmFs21Fo8auMXzD4Tt+diXu1LW1gHus9fhFQ=="],

    "@esbuild/linux-s390x": ["@esbuild/linux-s390x@0.27.0", "", { "os": "linux", "cpu": "s390x" }, "sha512-hPlRWR4eIDDEci953RI1BLZitgi5uqcsjKMxwYfmi4LcwyWo2IcRP+lThVnKjNtk90pLS8nKdroXYOqW+QQH+w=="],

    "@esbuild/linux-x64": ["@esbuild/linux-x64@0.27.0", "", { "os": "linux", "cpu": "x64" }, "sha512-1hBWx4OUJE2cab++aVZ7pObD6s+DK4mPGpemtnAORBvb5l/g5xFGk0vc0PjSkrDs0XaXj9yyob3d14XqvnQ4gw=="],

    "@esbuild/netbsd-arm64": ["@esbuild/netbsd-arm64@0.27.0", "", { "os": "none", "cpu": "arm64" }, "sha512-6m0sfQfxfQfy1qRuecMkJlf1cIzTOgyaeXaiVaaki8/v+WB+U4hc6ik15ZW6TAllRlg/WuQXxWj1jx6C+dfy3w=="],

    "@esbuild/netbsd-x64": ["@esbuild/netbsd-x64@0.27.0", "", { "os": "none", "cpu": "x64" }, "sha512-xbbOdfn06FtcJ9d0ShxxvSn2iUsGd/lgPIO2V3VZIPDbEaIj1/3nBBe1AwuEZKXVXkMmpr6LUAgMkLD/4D2PPA=="],

    "@esbuild/openbsd-arm64": ["@esbuild/openbsd-arm64@0.27.0", "", { "os": "openbsd", "cpu": "arm64" }, "sha512-fWgqR8uNbCQ/GGv0yhzttj6sU/9Z5/Sv/VGU3F5OuXK6J6SlriONKrQ7tNlwBrJZXRYk5jUhuWvF7GYzGguBZQ=="],

    "@esbuild/openbsd-x64": ["@esbuild/openbsd-x64@0.27.0", "", { "os": "openbsd", "cpu": "x64" }, "sha512-aCwlRdSNMNxkGGqQajMUza6uXzR/U0dIl1QmLjPtRbLOx3Gy3otfFu/VjATy4yQzo9yFDGTxYDo1FfAD9oRD2A=="],

    "@esbuild/openharmony-arm64": ["@esbuild/openharmony-arm64@0.27.0", "", { "os": "none", "cpu": "arm64" }, "sha512-nyvsBccxNAsNYz2jVFYwEGuRRomqZ149A39SHWk4hV0jWxKM0hjBPm3AmdxcbHiFLbBSwG6SbpIcUbXjgyECfA=="],

    "@esbuild/sunos-x64": ["@esbuild/sunos-x64@0.27.0", "", { "os": "sunos", "cpu": "x64" }, "sha512-Q1KY1iJafM+UX6CFEL+F4HRTgygmEW568YMqDA5UV97AuZSm21b7SXIrRJDwXWPzr8MGr75fUZPV67FdtMHlHA=="],

    "@esbuild/win32-arm64": ["@esbuild/win32-arm64@0.27.0", "", { "os": "win32", "cpu": "arm64" }, "sha512-W1eyGNi6d+8kOmZIwi/EDjrL9nxQIQ0MiGqe/AWc6+IaHloxHSGoeRgDRKHFISThLmsewZ5nHFvGFWdBYlgKPg=="],

    "@esbuild/win32-ia32": ["@esbuild/win32-ia32@0.27.0", "", { "os": "win32", "cpu": "ia32" }, "sha512-30z1aKL9h22kQhilnYkORFYt+3wp7yZsHWus+wSKAJR8JtdfI76LJ4SBdMsCopTR3z/ORqVu5L1vtnHZWVj4cQ=="],

    "@esbuild/win32-x64": ["@esbuild/win32-x64@0.27.0", "", { "os": "win32", "cpu": "x64" }, "sha512-aIitBcjQeyOhMTImhLZmtxfdOcuNRpwlPNmlFKPcHQYPhEssw75Cl1TSXJXpMkzaua9FUetx/4OQKq7eJul5Cg=="],

    "@hexagon/base64": ["@hexagon/base64@1.1.28", "", {}, "sha512-lhqDEAvWixy3bZ+UOYbPwUbBkwBq5C1LAJ/xPC8Oi+lL54oyakv/npbA0aU2hgCsx/1NUd4IBvV03+aUBWxerw=="],

    "@levischuck/tiny-cbor": ["@levischuck/tiny-cbor@0.2.11", "", {}, "sha512-llBRm4dT4Z89aRsm6u2oEZ8tfwL/2l6BwpZ7JcyieouniDECM5AqNgr/y08zalEIvW3RSK4upYyybDcmjXqAow=="],

    "@noble/ciphers": ["@noble/ciphers@2.1.1", "", {}, "sha512-bysYuiVfhxNJuldNXlFEitTVdNnYUc+XNJZd7Qm2a5j1vZHgY+fazadNFWFaMK/2vye0JVlxV3gHmC0WDfAOQw=="],

    "@noble/hashes": ["@noble/hashes@2.0.1", "", {}, "sha512-XlOlEbQcE9fmuXxrVTXCTlG2nlRXa9Rj3rr5Ue/+tX+nmkgbX720YHh0VR3hBF9xDvwnb8D2shVGOwNx+ulArw=="],

    "@opentelemetry/api": ["@opentelemetry/api@1.9.0", "", {}, "sha512-3giAOQvZiH5F9bMlMiv8+GSPMeqg0dbaeo58/0SlA9sxSqZhnUtxzX9/2FzyhS9sWQf5S0GJE0AKBrFqjpeYcg=="],

    "@peculiar/asn1-android": ["@peculiar/asn1-android@2.6.0", "", { "dependencies": { "@peculiar/asn1-schema": "^2.6.0", "asn1js": "^3.0.6", "tslib": "^2.8.1" } }, "sha512-cBRCKtYPF7vJGN76/yG8VbxRcHLPF3HnkoHhKOZeHpoVtbMYfY9ROKtH3DtYUY9m8uI1Mh47PRhHf2hSK3xcSQ=="],

    "@peculiar/asn1-cms": ["@peculiar/asn1-cms@2.6.0", "", { "dependencies": { "@peculiar/asn1-schema": "^2.6.0", "@peculiar/asn1-x509": "^2.6.0", "@peculiar/asn1-x509-attr": "^2.6.0", "asn1js": "^3.0.6", "tslib": "^2.8.1" } }, "sha512-2uZqP+ggSncESeUF/9Su8rWqGclEfEiz1SyU02WX5fUONFfkjzS2Z/F1Li0ofSmf4JqYXIOdCAZqIXAIBAT1OA=="],

    "@peculiar/asn1-csr": ["@peculiar/asn1-csr@2.6.0", "", { "dependencies": { "@peculiar/asn1-schema": "^2.6.0", "@peculiar/asn1-x509": "^2.6.0", "asn1js": "^3.0.6", "tslib": "^2.8.1" } }, "sha512-BeWIu5VpTIhfRysfEp73SGbwjjoLL/JWXhJ/9mo4vXnz3tRGm+NGm3KNcRzQ9VMVqwYS2RHlolz21svzRXIHPQ=="],

    "@peculiar/asn1-ecc": ["@peculiar/asn1-ecc@2.6.0", "", { "dependencies": { "@peculiar/asn1-schema": "^2.6.0", "@peculiar/asn1-x509": "^2.6.0", "asn1js": "^3.0.6", "tslib": "^2.8.1" } }, "sha512-FF3LMGq6SfAOwUG2sKpPXblibn6XnEIKa+SryvUl5Pik+WR9rmRA3OCiwz8R3lVXnYnyRkSZsSLdml8H3UiOcw=="],

    "@peculiar/asn1-pfx": ["@peculiar/asn1-pfx@2.6.0", "", { "dependencies": { "@peculiar/asn1-cms": "^2.6.0", "@peculiar/asn1-pkcs8": "^2.6.0", "@peculiar/asn1-rsa": "^2.6.0", "@peculiar/asn1-schema": "^2.6.0", "asn1js": "^3.0.6", "tslib": "^2.8.1" } }, "sha512-rtUvtf+tyKGgokHHmZzeUojRZJYPxoD/jaN1+VAB4kKR7tXrnDCA/RAWXAIhMJJC+7W27IIRGe9djvxKgsldCQ=="],

    "@peculiar/asn1-pkcs8": ["@peculiar/asn1-pkcs8@2.6.0", "", { "dependencies": { "@peculiar/asn1-schema": "^2.6.0", "@peculiar/asn1-x509": "^2.6.0", "asn1js": "^3.0.6", "tslib": "^2.8.1" } }, "sha512-KyQ4D8G/NrS7Fw3XCJrngxmjwO/3htnA0lL9gDICvEQ+GJ+EPFqldcJQTwPIdvx98Tua+WjkdKHSC0/Km7T+lA=="],

    "@peculiar/asn1-pkcs9": ["@peculiar/asn1-pkcs9@2.6.0", "", { "dependencies": { "@peculiar/asn1-cms": "^2.6.0", "@peculiar/asn1-pfx": "^2.6.0", "@peculiar/asn1-pkcs8": "^2.6.0", "@peculiar/asn1-schema": "^2.6.0", "@peculiar/asn1-x509": "^2.6.0", "@peculiar/asn1-x509-attr": "^2.6.0", "asn1js": "^3.0.6", "tslib": "^2.8.1" } }, "sha512-b78OQ6OciW0aqZxdzliXGYHASeCvvw5caqidbpQRYW2mBtXIX2WhofNXTEe7NyxTb0P6J62kAAWLwn0HuMF1Fw=="],

    "@peculiar/asn1-rsa": ["@peculiar/asn1-rsa@2.6.0", "", { "dependencies": { "@peculiar/asn1-schema": "^2.6.0", "@peculiar/asn1-x509": "^2.6.0", "asn1js": "^3.0.6", "tslib": "^2.8.1" } }, "sha512-Nu4C19tsrTsCp9fDrH+sdcOKoVfdfoQQ7S3VqjJU6vedR7tY3RLkQ5oguOIB3zFW33USDUuYZnPEQYySlgha4w=="],

    "@peculiar/asn1-schema": ["@peculiar/asn1-schema@2.6.0", "", { "dependencies": { "asn1js": "^3.0.6", "pvtsutils": "^1.3.6", "tslib": "^2.8.1" } }, "sha512-xNLYLBFTBKkCzEZIw842BxytQQATQv+lDTCEMZ8C196iJcJJMBUZxrhSTxLaohMyKK8QlzRNTRkUmanucnDSqg=="],

    "@peculiar/asn1-x509": ["@peculiar/asn1-x509@2.6.0", "", { "dependencies": { "@peculiar/asn1-schema": "^2.6.0", "asn1js": "^3.0.6", "pvtsutils": "^1.3.6", "tslib": "^2.8.1" } }, "sha512-uzYbPEpoQiBoTq0/+jZtpM6Gq6zADBx+JNFP3yqRgziWBxQ/Dt/HcuvRfm9zJTPdRcBqPNdaRHTVwpyiq6iNMA=="],

    "@peculiar/asn1-x509-attr": ["@peculiar/asn1-x509-attr@2.6.0", "", { "dependencies": { "@peculiar/asn1-schema": "^2.6.0", "@peculiar/asn1-x509": "^2.6.0", "asn1js": "^3.0.6", "tslib": "^2.8.1" } }, "sha512-MuIAXFX3/dc8gmoZBkwJWxUWOSvG4MMDntXhrOZpJVMkYX+MYc/rUAU2uJOved9iJEoiUx7//3D8oG83a78UJA=="],

    "@peculiar/x509": ["@peculiar/x509@1.14.3", "", { "dependencies": { "@peculiar/asn1-cms": "^2.6.0", "@peculiar/asn1-csr": "^2.6.0", "@peculiar/asn1-ecc": "^2.6.0", "@peculiar/asn1-pkcs9": "^2.6.0", "@peculiar/asn1-rsa": "^2.6.0", "@peculiar/asn1-schema": "^2.6.0", "@peculiar/asn1-x509": "^2.6.0", "pvtsutils": "^1.3.6", "reflect-metadata": "^0.2.2", "tslib": "^2.8.1", "tsyringe": "^4.10.0" } }, "sha512-C2Xj8FZ0uHWeCXXqX5B4/gVFQmtSkiuOolzAgutjTfseNOHT3pUjljDZsTSxXFGgio54bCzVFqmEOUrIVk8RDA=="],

    "@simplewebauthn/browser": ["@simplewebauthn/browser@13.2.2", "", {}, "sha512-FNW1oLQpTJyqG5kkDg5ZsotvWgmBaC6jCHR7Ej0qUNep36Wl9tj2eZu7J5rP+uhXgHaLk+QQ3lqcw2vS5MX1IA=="],

    "@simplewebauthn/server": ["@simplewebauthn/server@13.2.2", "", { "dependencies": { "@hexagon/base64": "^1.1.27", "@levischuck/tiny-cbor": "^0.2.2", "@peculiar/asn1-android": "^2.3.10", "@peculiar/asn1-ecc": "^2.3.8", "@peculiar/asn1-rsa": "^2.3.8", "@peculiar/asn1-schema": "^2.3.8", "@peculiar/asn1-x509": "^2.3.8", "@peculiar/x509": "^1.13.0" } }, "sha512-HcWLW28yTMGXpwE9VLx9J+N2KEUaELadLrkPEEI9tpI5la70xNEVEsu/C+m3u7uoq4FulLqZQhgBCzR9IZhFpA=="],

    "@stablelib/base64": ["@stablelib/base64@1.0.1", "", {}, "sha512-1bnPQqSxSuc3Ii6MhBysoWCg58j97aUjuCSZrGSmDxNqtytIi0k8utUenAwTZN4V5mXXYGsVUI9zeBqy+jBOSQ=="],

    "@standard-schema/spec": ["@standard-schema/spec@1.1.0", "", {}, "sha512-l2aFy5jALhniG5HgqrD6jXLi/rUWrKvqN/qJx6yoJsgKhblVd+iqqU4RCXavm/jPityDo5TCvKMnpjKnOriy0w=="],

    "@types/node": ["@types/node@24.10.10", "", { "dependencies": { "undici-types": "~7.16.0" } }, "sha512-+0/4J266CBGPUq/ELg7QUHhN25WYjE0wYTPSQJn1xeu8DOlIOPxXxrNGiLmfAWl7HMMgWFWXpt9IDjMWrF5Iow=="],

    "@vercel/oidc": ["@vercel/oidc@3.1.0", "", {}, "sha512-Fw28YZpRnA3cAHHDlkt7xQHiJ0fcL+NRcIqsocZQUSmbzeIKRpwttJjik5ZGanXP+vlA4SbTg+AbA3bP363l+w=="],

    "ai": ["ai@6.0.116", "", { "dependencies": { "@ai-sdk/gateway": "3.0.66", "@ai-sdk/provider": "3.0.8", "@ai-sdk/provider-utils": "4.0.19", "@opentelemetry/api": "1.9.0" }, "peerDependencies": { "zod": "^3.25.76 || ^4.1.8" } }, "sha512-7yM+cTmyRLeNIXwt4Vj+mrrJgVQ9RMIW5WO0ydoLoYkewIvsMcvUmqS4j2RJTUXaF1HphwmSKUMQ/HypNRGOmA=="],

    "asn1js": ["asn1js@3.0.7", "", { "dependencies": { "pvtsutils": "^1.3.6", "pvutils": "^1.1.3", "tslib": "^2.8.1" } }, "sha512-uLvq6KJu04qoQM6gvBfKFjlh6Gl0vOKQuR5cJMDHQkmwfMOQeN3F3SHCv9SNYSL+CRoHvOGFfllDlVz03GQjvQ=="],

    "better-auth": ["better-auth@1.4.9", "", { "dependencies": { "@better-auth/core": "1.4.9", "@better-auth/telemetry": "1.4.9", "@better-auth/utils": "0.3.0", "@better-fetch/fetch": "1.1.21", "@noble/ciphers": "^2.0.0", "@noble/hashes": "^2.0.0", "better-call": "1.1.7", "defu": "^6.1.4", "jose": "^6.1.0", "kysely": "^0.28.5", "nanostores": "^1.0.1", "zod": "^4.1.12" }, "peerDependencies": { "@lynx-js/react": "*", "@prisma/client": "^5.0.0 || ^6.0.0 || ^7.0.0", "@sveltejs/kit": "^2.0.0", "@tanstack/react-start": "^1.0.0", "better-sqlite3": "^12.0.0", "drizzle-kit": ">=0.31.4", "drizzle-orm": ">=0.41.0", "mongodb": "^6.0.0 || ^7.0.0", "mysql2": "^3.0.0", "next": "^14.0.0 || ^15.0.0 || ^16.0.0", "pg": "^8.0.0", "prisma": "^5.0.0 || ^6.0.0 || ^7.0.0", "react": "^18.0.0 || ^19.0.0", "react-dom": "^18.0.0 || ^19.0.0", "solid-js": "^1.0.0", "svelte": "^4.0.0 || ^5.0.0", "vitest": "^2.0.0 || ^3.0.0 || ^4.0.0", "vue": "^3.0.0" }, "optionalPeers": ["@lynx-js/react", "@prisma/client", "@sveltejs/kit", "@tanstack/react-start", "better-sqlite3", "drizzle-kit", "drizzle-orm", "mongodb", "mysql2", "next", "pg", "prisma", "react", "react-dom", "solid-js", "svelte", "vitest", "vue"] }, "sha512-usSdjuyTzZwIvM8fjF8YGhPncxV3MAg3dHUO9uPUnf0yklXUSYISiH1+imk6/Z+UBqsscyyPRnbIyjyK97p7YA=="],

    "better-call": ["better-call@1.1.7", "", { "dependencies": { "@better-auth/utils": "^0.3.0", "@better-fetch/fetch": "^1.1.4", "rou3": "^0.7.10", "set-cookie-parser": "^2.7.1" }, "peerDependencies": { "zod": "^4.0.0" }, "optionalPeers": ["zod"] }, "sha512-6gaJe1bBIEgVebQu/7q9saahVzvBsGaByEnE8aDVncZEDiJO7sdNB28ot9I6iXSbR25egGmmZ6aIURXyQHRraQ=="],

    "common-tags": ["common-tags@1.8.2", "", {}, "sha512-gk/Z852D2Wtb//0I+kRFNKKE9dIIVirjoqPoA1wJU+XePVXZfGeBpk45+A1rKO4Q43prqWBNY/MiIeRLbPWUaA=="],

    "convex": ["convex@1.33.1", "", { "dependencies": { "esbuild": "0.27.0", "prettier": "^3.0.0", "ws": "8.18.0" }, "peerDependencies": { "@auth0/auth0-react": "^2.0.1", "@clerk/clerk-react": "^4.12.8 || ^5.0.0", "react": "^18.0.0 || ^19.0.0-0 || ^19.0.0" }, "optionalPeers": ["@auth0/auth0-react", "@clerk/clerk-react", "react"], "bin": { "convex": "bin/main.js" } }, "sha512-mRhR1XqZPLhgJsUepecM/kOgQVRCWKJtHHtyEX/XYY4zmzfItG0D1GNh5fjNEkuO5+72X4PCkzbEFA6327rxog=="],

    "convex-helpers": ["convex-helpers@0.1.111", "", { "peerDependencies": { "@standard-schema/spec": "^1.0.0", "convex": "^1.25.4", "hono": "^4.0.5", "react": "^17.0.2 || ^18.0.0 || ^19.0.0", "typescript": "^5.5", "zod": "^3.25.0 || ^4.0.0" }, "optionalPeers": ["@standard-schema/spec", "hono", "react", "typescript", "zod"], "bin": { "convex-helpers": "bin.cjs" } }, "sha512-0O59Ohi8HVc3+KULxSC6JHsw8cQJyc8gZ7OAfNRVX7T5Wy6LhPx3l8veYN9avKg7UiPlO7m1eBiQMHKclIyXyQ=="],

    "defu": ["defu@6.1.4", "", {}, "sha512-mEQCMmwJu317oSz8CwdIOdwf3xMif1ttiM8LTufzc3g6kR+9Pe236twL8j3IYT1F7GfRgGcW6MWxzZjLIkuHIg=="],

    "esbuild": ["esbuild@0.27.0", "", { "optionalDependencies": { "@esbuild/aix-ppc64": "0.27.0", "@esbuild/android-arm": "0.27.0", "@esbuild/android-arm64": "0.27.0", "@esbuild/android-x64": "0.27.0", "@esbuild/darwin-arm64": "0.27.0", "@esbuild/darwin-x64": "0.27.0", "@esbuild/freebsd-arm64": "0.27.0", "@esbuild/freebsd-x64": "0.27.0", "@esbuild/linux-arm": "0.27.0", "@esbuild/linux-arm64": "0.27.0", "@esbuild/linux-ia32": "0.27.0", "@esbuild/linux-loong64": "0.27.0", "@esbuild/linux-mips64el": "0.27.0", "@esbuild/linux-ppc64": "0.27.0", "@esbuild/linux-riscv64": "0.27.0", "@esbuild/linux-s390x": "0.27.0", "@esbuild/linux-x64": "0.27.0", "@esbuild/netbsd-arm64": "0.27.0", "@esbuild/netbsd-x64": "0.27.0", "@esbuild/openbsd-arm64": "0.27.0", "@esbuild/openbsd-x64": "0.27.0", "@esbuild/openharmony-arm64": "0.27.0", "@esbuild/sunos-x64": "0.27.0", "@esbuild/win32-arm64": "0.27.0", "@esbuild/win32-ia32": "0.27.0", "@esbuild/win32-x64": "0.27.0" }, "bin": { "esbuild": "bin/esbuild" } }, "sha512-jd0f4NHbD6cALCyGElNpGAOtWxSq46l9X/sWB0Nzd5er4Kz2YTm+Vl0qKFT9KUJvD8+fiO8AvoHhFvEatfVixA=="],

    "eventsource-parser": ["eventsource-parser@3.0.6", "", {}, "sha512-Vo1ab+QXPzZ4tCa8SwIHJFaSzy4R6SHf7BY79rFBDf0idraZWAkYrDjDj8uWaSm3S2TK+hJ7/t1CEmZ7jXw+pg=="],

    "fast-sha256": ["fast-sha256@1.3.0", "", {}, "sha512-n11RGP/lrWEFI/bWdygLxhI+pVeo1ZYIVwvvPkW7azl/rOy+F3HYRZ2K5zeE9mmkhQppyv9sQFx0JM9UabnpPQ=="],

    "jose": ["jose@6.1.3", "", {}, "sha512-0TpaTfihd4QMNwrz/ob2Bp7X04yuxJkjRGi4aKmOqwhov54i6u79oCv7T+C7lo70MKH6BesI3vscD1yb/yzKXQ=="],

    "json-schema": ["json-schema@0.4.0", "", {}, "sha512-es94M3nTIfsEPisRafak+HDLfHXnKBhV3vU5eqPcS3flIWqcxJWgXHXiey3YrpaNsanY5ei1VoYEbOzijuq9BA=="],

    "kysely": ["kysely@0.28.11", "", {}, "sha512-zpGIFg0HuoC893rIjYX1BETkVWdDnzTzF5e0kWXJFg5lE0k1/LfNWBejrcnOFu8Q2Rfq/hTDTU7XLUM8QOrpzg=="],

    "nanostores": ["nanostores@1.1.0", "", {}, "sha512-yJBmDJr18xy47dbNVlHcgdPrulSn1nhSE6Ns9vTG+Nx9VPT6iV1MD6aQFp/t52zpf82FhLLTXAXr30NuCnxvwA=="],

    "prettier": ["prettier@3.8.1", "", { "bin": { "prettier": "bin/prettier.cjs" } }, "sha512-UOnG6LftzbdaHZcKoPFtOcCKztrQ57WkHDeRD9t/PTQtmT0NHSeWWepj6pS0z/N7+08BHFDQVUrfmfMRcZwbMg=="],

    "pvtsutils": ["pvtsutils@1.3.6", "", { "dependencies": { "tslib": "^2.8.1" } }, "sha512-PLgQXQ6H2FWCaeRak8vvk1GW462lMxB5s3Jm673N82zI4vqtVUPuZdffdZbPDFRoU8kAhItWFtPCWiPpp4/EDg=="],

    "pvutils": ["pvutils@1.1.5", "", {}, "sha512-KTqnxsgGiQ6ZAzZCVlJH5eOjSnvlyEgx1m8bkRJfOhmGRqfo5KLvmAlACQkrjEtOQ4B7wF9TdSLIs9O90MX9xA=="],

    "react": ["react@19.2.4", "", {}, "sha512-9nfp2hYpCwOjAN+8TZFGhtWEwgvWHXqESH8qT89AT/lWklpLON22Lc8pEtnpsZz7VmawabSU0gCjnj8aC0euHQ=="],

    "react-dom": ["react-dom@19.2.4", "", { "dependencies": { "scheduler": "^0.27.0" }, "peerDependencies": { "react": "^19.2.4" } }, "sha512-AXJdLo8kgMbimY95O2aKQqsz2iWi9jMgKJhRBAxECE4IFxfcazB2LmzloIoibJI3C12IlY20+KFaLv+71bUJeQ=="],

    "reflect-metadata": ["reflect-metadata@0.2.2", "", {}, "sha512-urBwgfrvVP/eAyXx4hluJivBKzuEbSQs9rKWCrCkbSxNv8mxPcUZKeuoF3Uy4mJl3Lwprp6yy5/39VWigZ4K6Q=="],

    "remeda": ["remeda@2.33.4", "", {}, "sha512-ygHswjlc/opg2VrtiYvUOPLjxjtdKvjGz1/plDhkG66hjNjFr1xmfrs2ClNFo/E6TyUFiwYNh53bKV26oBoMGQ=="],

    "rou3": ["rou3@0.7.12", "", {}, "sha512-iFE4hLDuloSWcD7mjdCDhx2bKcIsYbtOTpfH5MHHLSKMOUyjqQXTeZVa289uuwEGEKFoE/BAPbhaU4B774nceg=="],

    "scheduler": ["scheduler@0.27.0", "", {}, "sha512-eNv+WrVbKu1f3vbYJT/xtiF5syA5HPIMtf9IgY/nKg0sWqzAUEvqY/xm7OcZc/qafLx/iO9FgOmeSAp4v5ti/Q=="],

    "semver": ["semver@7.7.3", "", { "bin": { "semver": "bin/semver.js" } }, "sha512-SdsKMrI9TdgjdweUSR9MweHA4EJ8YxHn8DFaDisvhVlUOe4BF1tLD7GAj0lIqWVl+dPb/rExr0Btby5loQm20Q=="],

    "set-cookie-parser": ["set-cookie-parser@2.7.2", "", {}, "sha512-oeM1lpU/UvhTxw+g3cIfxXHyJRc/uidd3yK1P242gzHds0udQBYzs3y8j4gCCW+ZJ7ad0yctld8RYO+bdurlvw=="],

    "standardwebhooks": ["standardwebhooks@1.0.0", "", { "dependencies": { "@stablelib/base64": "^1.0.0", "fast-sha256": "^1.3.0" } }, "sha512-BbHGOQK9olHPMvQNHWul6MYlrRTAOKn03rOe4A8O3CLWhNf4YHBqq2HJKKC+sfqpxiBY52pNeesD6jIiLDz8jg=="],

    "stripe": ["stripe@20.4.1", "", { "peerDependencies": { "@types/node": ">=16" }, "optionalPeers": ["@types/node"] }, "sha512-axCguHItc8Sxt0HC6aSkdVRPffjYPV7EQqZRb2GkIa8FzWDycE7nHJM19C6xAIynH1Qp1/BHiopSi96jGBxT0w=="],

    "svix": ["svix@1.84.1", "", { "dependencies": { "standardwebhooks": "1.0.0", "uuid": "^10.0.0" } }, "sha512-K8DPPSZaW/XqXiz1kEyzSHYgmGLnhB43nQCMeKjWGCUpLIpAMMM8kx3rVVOSm6Bo6EHyK1RQLPT4R06skM/MlQ=="],

    "tslib": ["tslib@2.8.1", "", {}, "sha512-oJFu94HQb+KVduSUQL7wnpmqnfmLsOA/nAh6b6EH0wCEoK0/mPeXU6c3wKDV83MkOuHPRHtSXKKU99IBazS/2w=="],

    "tsyringe": ["tsyringe@4.10.0", "", { "dependencies": { "tslib": "^1.9.3" } }, "sha512-axr3IdNuVIxnaK5XGEUFTu3YmAQ6lllgrvqfEoR16g/HGnYY/6We4oWENtAnzK6/LpJ2ur9PAb80RBt7/U4ugw=="],

    "type-fest": ["type-fest@4.41.0", "", {}, "sha512-TeTSQ6H5YHvpqVwBRcnLDCBnDOHWYu7IvGbHT6N8AOymcr9PJGjc1GTtiWZTYg0NCgYwvnYWEkVChQAr9bjfwA=="],

    "typescript": ["typescript@5.9.3", "", { "bin": { "tsc": "bin/tsc", "tsserver": "bin/tsserver" } }, "sha512-jl1vZzPDinLr9eUt3J/t7V6FgNEw9QjvBPdysz9KfQDD41fQrC2Y4vKQdiaUpFT4bXlb1RHhLpp8wtm6M5TgSw=="],

    "undici-types": ["undici-types@7.16.0", "", {}, "sha512-Zz+aZWSj8LE6zoxD+xrjh4VfkIG8Ya6LvYkZqtUQGJPZjYl53ypCaUwWqo7eI0x66KBGeRo+mlBEkMSeSZ38Nw=="],

    "uuid": ["uuid@10.0.0", "", { "bin": { "uuid": "dist/bin/uuid" } }, "sha512-8XkAphELsDnEGrDxUOHB3RGvXz6TeuYSGEZBOjtTtPm2lwhGBjLgOzLHB63IUWfBpNucQjND6d3AOudO+H3RWQ=="],

    "ws": ["ws@8.18.0", "", { "peerDependencies": { "bufferutil": "^4.0.1", "utf-8-validate": ">=5.0.2" }, "optionalPeers": ["bufferutil", "utf-8-validate"] }, "sha512-8VbfWfHLbbwu3+N6OKsOMpBdT4kXPDDB9cJk2bJ6mh9ucxdlnNvH1e+roYkKmN9Nxw2yjz7VzeO9oOz2zJ04Pw=="],

    "zod": ["zod@3.25.76", "", {}, "sha512-gzUt/qt81nXsFGKIFcC3YnfEAx5NkunCfnDlvuBSSFS02bcXu4Lmea0AFIUwbLWxWPx3d9p8S5QoaujKcNQxcQ=="],

    "@better-auth/core/zod": ["zod@4.3.6", "", {}, "sha512-rftlrkhHZOcjDwkGlnUtZZkvaPHCsDATp4pGpuOOMDaTdDDXF91wuVDJoWoPsKX/3YPQ5fHuF3STjcYyKr+Qhg=="],

    "@better-auth/passkey/zod": ["zod@4.3.6", "", {}, "sha512-rftlrkhHZOcjDwkGlnUtZZkvaPHCsDATp4pGpuOOMDaTdDDXF91wuVDJoWoPsKX/3YPQ5fHuF3STjcYyKr+Qhg=="],

    "@convex-dev/better-auth/zod": ["zod@4.3.6", "", {}, "sha512-rftlrkhHZOcjDwkGlnUtZZkvaPHCsDATp4pGpuOOMDaTdDDXF91wuVDJoWoPsKX/3YPQ5fHuF3STjcYyKr+Qhg=="],

    "@convex-dev/resend/@convex-dev/rate-limiter": ["@convex-dev/rate-limiter@0.2.14", "", { "peerDependencies": { "convex": ">=1.17.0 <1.35.0", "react": "^18.2.0 || ^19.0.0" }, "optionalPeers": ["react"] }, "sha512-6dQ2ceHFcU8HVXT0QdcgWXCahasMcjne/bWvLZ6qyyk5gZDP4JtjZyidy9HflAOCo1Nc428pgrROnbQBM0QPCQ=="],

    "better-auth/zod": ["zod@4.3.6", "", {}, "sha512-rftlrkhHZOcjDwkGlnUtZZkvaPHCsDATp4pGpuOOMDaTdDDXF91wuVDJoWoPsKX/3YPQ5fHuF3STjcYyKr+Qhg=="],

    "tsyringe/tslib": ["tslib@1.14.1", "", {}, "sha512-Xni35NKzjgMrwevysHTCArtLDpPvye8zV/0E4EyYn43P7/7qvQwPh9BGkHewbMulVntbigmcT7rdX3BNo9wRJg=="],
  }
}
